
Microsoft Visual Studio Solution File, Format Version 12.00
# Visual Studio Version 16
VisualStudioVersion = 16.0.31112.23
MinimumVisualStudioVersion = 10.0.40219.1
Project("{FAE04EC0-301F-11D3-BF4B-00C04F79EFBC}") = "Classes", "Classes\Classes.csproj", "{AB1023AC-1F81-4E7F-B7C5-4B3D4F9F588A}"
EndProject
Global
	GlobalSection(SolutionConfigurationPlatforms) = preSolution
		Debug|Any CPU = Debug|Any CPU
		Release|Any CPU = Release|Any CPU
	EndGlobalSection
	GlobalSection(ProjectConfigurationPlatforms) = postSolution
		{AB1023AC-1F81-4E7F-B7C5-4B3D4F9F588A}.Debug|Any CPU.ActiveCfg = Debug|Any CPU
		{AB1023AC-1F81-4E7F-B7C5-4B3D4F9F588A}.Debug|Any CPU.Build.0 = Debug|Any CPU
		{AB1023AC-1F81-4E7F-B7C5-4B3D4F9F588A}.Release|Any CPU.ActiveCfg = Release|Any CPU
		{AB1023AC-1F81-4E7F-B7C5-4B3D4F9F588A}.Release|Any CPU.Build.0 = Release|Any CPU
	EndGlobalSection
	GlobalSection(SolutionProperties) = preSolution
		HideSolutionNode = FALSE
	EndGlobalSection
	GlobalSection(ExtensibilityGlobals) = postSolution
		SolutionGuid = {845EF088-4A5A-4107-ADE5-A407CA9FB7DE}
	EndGlobalSection
EndGlobal
